
Microsoft Visual Studio Solution File, Format Version 12.00
# Visual Studio 2013
VisualStudioVersion = 12.0.31101.0
MinimumVisualStudioVersion = 10.0.40219.1
Project("{8BC9CEB8-8B4A-11D0-8D11-00A0C91BC942}") = "BruteForceDLL", "BruteForceDLL\BruteForceDLL.vcxproj", "{019CFFD5-B5E4-4274-A390-3326532568F9}"
EndProject
Project("{8BC9CEB8-8B4A-11D0-8D11-00A0C91BC942}") = "PerformanceMetricsDll", "PerformanceMetricsDll\PerformanceMetricsDll.vcxproj", "{9AFF136A-A50E-48C9-826C-A4661663B937}"
EndProject
Project("{8BC9CEB8-8B4A-11D0-8D11-00A0C91BC942}") = "GADll", "GADll\GADll.vcxproj", "{11C16E41-02B5-406C-A47A-3E984F97E40D}"
EndProject
Project("{8BC9CEB8-8B4A-11D0-8D11-00A0C91BC942}") = "GUI", "GUI\GUI.vcxproj", "{7898BC39-8737-4C43-B4B6-69B40F8AFA77}"
EndProject
Global
	GlobalSection(SolutionConfigurationPlatforms) = preSolution
		Debug|Win32 = Debug|Win32
		Release|Win32 = Release|Win32
	EndGlobalSection
	GlobalSection(ProjectConfigurationPlatforms) = postSolution
		{019CFFD5-B5E4-4274-A390-3326532568F9}.Debug|Win32.ActiveCfg = Debug|Win32
		{019CFFD5-B5E4-4274-A390-3326532568F9}.Debug|Win32.Build.0 = Debug|Win32
		{019CFFD5-B5E4-4274-A390-3326532568F9}.Release|Win32.ActiveCfg = Release|Win32
		{019CFFD5-B5E4-4274-A390-3326532568F9}.Release|Win32.Build.0 = Release|Win32
		{9AFF136A-A50E-48C9-826C-A4661663B937}.Debug|Win32.ActiveCfg = Debug|Win32
		{9AFF136A-A50E-48C9-826C-A4661663B937}.Debug|Win32.Build.0 = Debug|Win32
		{9AFF136A-A50E-48C9-826C-A4661663B937}.Release|Win32.ActiveCfg = Release|Win32
		{9AFF136A-A50E-48C9-826C-A4661663B937}.Release|Win32.Build.0 = Release|Win32
		{11C16E41-02B5-406C-A47A-3E984F97E40D}.Debug|Win32.ActiveCfg = Debug|Win32
		{11C16E41-02B5-406C-A47A-3E984F97E40D}.Debug|Win32.Build.0 = Debug|Win32
		{11C16E41-02B5-406C-A47A-3E984F97E40D}.Release|Win32.ActiveCfg = Release|Win32
		{11C16E41-02B5-406C-A47A-3E984F97E40D}.Release|Win32.Build.0 = Release|Win32
		{7898BC39-8737-4C43-B4B6-69B40F8AFA77}.Debug|Win32.ActiveCfg = Debug|Win32
		{7898BC39-8737-4C43-B4B6-69B40F8AFA77}.Debug|Win32.Build.0 = Debug|Win32
		{7898BC39-8737-4C43-B4B6-69B40F8AFA77}.Release|Win32.ActiveCfg = Release|Win32
		{7898BC39-8737-4C43-B4B6-69B40F8AFA77}.Release|Win32.Build.0 = Release|Win32
	EndGlobalSection
	GlobalSection(SolutionProperties) = preSolution
		HideSolutionNode = FALSE
	EndGlobalSection
EndGlobal
